// !$*UTF8*$!
{
	archiveVersion = 1;
	classes = {
	};
	objectVersion = 46;
	objects = {

/* Begin PBXBuildFile section */
		268ADFB615B7B97A00E2BC0B /* UIKit.framework in Frameworks */ = {isa = PBXBuildFile; fileRef = 268ADFB515B7B97A00E2BC0B /* UIKit.framework */; };
		268ADFB815B7B97A00E2BC0B /* Foundation.framework in Frameworks */ = {isa = PBXBuildFile; fileRef = 268ADFB715B7B97A00E2BC0B /* Foundation.framework */; };
		268ADFBA15B7B97A00E2BC0B /* CoreGraphics.framework in Frameworks */ = {isa = PBXBuildFile; fileRef = 268ADFB915B7B97A00E2BC0B /* CoreGraphics.framework */; };
		268ADFC015B7B97A00E2BC0B /* InfoPlist.strings in Resources */ = {isa = PBXBuildFile; fileRef = 268ADFBE15B7B97A00E2BC0B /* InfoPlist.strings */; };
		268ADFC215B7B97A00E2BC0B /* main.m in Sources */ = {isa = PBXBuildFile; fileRef = 268ADFC115B7B97A00E2BC0B /* main.m */; };
		268ADFC615B7B97A00E2BC0B /* AppDelegate.m in Sources */ = {isa = PBXBuildFile; fileRef = 268ADFC515B7B97A00E2BC0B /* AppDelegate.m */; };
		268ADFC915B7B97A00E2BC0B /* MainStoryboard.storyboard in Resources */ = {isa = PBXBuildFile; fileRef = 268ADFC715B7B97A00E2BC0B /* MainStoryboard.storyboard */; };
		268ADFCC15B7B97A00E2BC0B /* ViewController.m in Sources */ = {isa = PBXBuildFile; fileRef = 268ADFCB15B7B97A00E2BC0B /* ViewController.m */; };
		268ADFD515B7B9D600E2BC0B /* WaterfallView.m in Sources */ = {isa = PBXBuildFile; fileRef = 268ADFD415B7B9D600E2BC0B /* WaterfallView.m */; };
		268ADFEE15B7FDB300E2BC0B /* 1.jpg in Resources */ = {isa = PBXBuildFile; fileRef = 268ADFE415B7FDB300E2BC0B /* 1.jpg */; };
		268ADFEF15B7FDB300E2BC0B /* 3.jpg in Resources */ = {isa = PBXBuildFile; fileRef = 268ADFE515B7FDB300E2BC0B /* 3.jpg */; };
		268ADFF015B7FDB300E2BC0B /* 4.jpg in Resources */ = {isa = PBXBuildFile; fileRef = 268ADFE615B7FDB300E2BC0B /* 4.jpg */; };
		268ADFF115B7FDB300E2BC0B /* 5.jpg in Resources */ = {isa = PBXBuildFile; fileRef = 268ADFE715B7FDB300E2BC0B /* 5.jpg */; };
		268ADFF415B7FDB300E2BC0B /* 8.jpg in Resources */ = {isa = PBXBuildFile; fileRef = 268ADFEA15B7FDB300E2BC0B /* 8.jpg */; };
		268ADFF515B7FDB300E2BC0B /* 9.jpg in Resources */ = {isa = PBXBuildFile; fileRef = 268ADFEB15B7FDB300E2BC0B /* 9.jpg */; };
		268ADFF615B7FDB300E2BC0B /* 10.jpg in Resources */ = {isa = PBXBuildFile; fileRef = 268ADFEC15B7FDB300E2BC0B /* 10.jpg */; };
		268ADFF715B7FDB300E2BC0B /* 11.jpg in Resources */ = {isa = PBXBuildFile; fileRef = 268ADFED15B7FDB300E2BC0B /* 11.jpg */; };
		268ADFF915B7FECC00E2BC0B /* 2.jpg in Resources */ = {isa = PBXBuildFile; fileRef = 268ADFF815B7FECC00E2BC0B /* 2.jpg */; };
		268ADFFC15B7FF2300E2BC0B /* 6.jpg in Resources */ = {isa = PBXBuildFile; fileRef = 268ADFFA15B7FF2300E2BC0B /* 6.jpg */; };
		268ADFFD15B7FF2300E2BC0B /* 7.jpg in Resources */ = {isa = PBXBuildFile; fileRef = 268ADFFB15B7FF2300E2BC0B /* 7.jpg */; };
/* End PBXBuildFile section */

/* Begin PBXFileReference section */
		268ADFB115B7B97A00E2BC0B /* WaterFall_demo.app */ = {isa = PBXFileReference; explicitFileType = wrapper.application; includeInIndex = 0; path = WaterFall_demo.app; sourceTree = BUILT_PRODUCTS_DIR; };
		268ADFB515B7B97A00E2BC0B /* UIKit.framework */ = {isa = PBXFileReference; lastKnownFileType = wrapper.framework; name = UIKit.framework; path = System/Library/Frameworks/UIKit.framework; sourceTree = SDKROOT; };
		268ADFB715B7B97A00E2BC0B /* Foundation.framework */ = {isa = PBXFileReference; lastKnownFileType = wrapper.framework; name = Foundation.framework; path = System/Library/Frameworks/Foundation.framework; sourceTree = SDKROOT; };
		268ADFB915B7B97A00E2BC0B /* CoreGraphics.framework */ = {isa = PBXFileReference; lastKnownFileType = wrapper.framework; name = CoreGraphics.framework; path = System/Library/Frameworks/CoreGraphics.framework; sourceTree = SDKROOT; };
		268ADFBD15B7B97A00E2BC0B /* WaterFall_demo-Info.plist */ = {isa = PBXFileReference; lastKnownFileType = text.plist.xml; path = "WaterFall_demo-Info.plist"; sourceTree = "<group>"; };
		268ADFBF15B7B97A00E2BC0B /* en */ = {isa = PBXFileReference; lastKnownFileType = text.plist.strings; name = en; path = en.lproj/InfoPlist.strings; sourceTree = "<group>"; };
		268ADFC115B7B97A00E2BC0B /* main.m */ = {isa = PBXFileReference; lastKnownFileType = sourcecode.c.objc; path = main.m; sourceTree = "<group>"; };
		268ADFC315B7B97A00E2BC0B /* WaterFall_demo-Prefix.pch */ = {isa = PBXFileReference; lastKnownFileType = sourcecode.c.h; path = "WaterFall_demo-Prefix.pch"; sourceTree = "<group>"; };
		268ADFC415B7B97A00E2BC0B /* AppDelegate.h */ = {isa = PBXFileReference; lastKnownFileType = sourcecode.c.h; path = AppDelegate.h; sourceTree = "<group>"; };
		268ADFC515B7B97A00E2BC0B /* AppDelegate.m */ = {isa = PBXFileReference; lastKnownFileType = sourcecode.c.objc; path = AppDelegate.m; sourceTree = "<group>"; };
		268ADFC815B7B97A00E2BC0B /* en */ = {isa = PBXFileReference; lastKnownFileType = file.storyboard; name = en; path = en.lproj/MainStoryboard.storyboard; sourceTree = "<group>"; };
		268ADFCA15B7B97A00E2BC0B /* ViewController.h */ = {isa = PBXFileReference; lastKnownFileType = sourcecode.c.h; path = ViewController.h; sourceTree = "<group>"; };
		268ADFCB15B7B97A00E2BC0B /* ViewController.m */ = {isa = PBXFileReference; lastKnownFileType = sourcecode.c.objc; path = ViewController.m; sourceTree = "<group>"; };
		268ADFD315B7B9D600E2BC0B /* WaterfallView.h */ = {isa = PBXFileReference; fileEncoding = 4; lastKnownFileType = sourcecode.c.h; path = WaterfallView.h; sourceTree = "<group>"; };
		268ADFD415B7B9D600E2BC0B /* WaterfallView.m */ = {isa = PBXFileReference; fileEncoding = 4; lastKnownFileType = sourcecode.c.objc; path = WaterfallView.m; sourceTree = "<group>"; };
		268ADFE415B7FDB300E2BC0B /* 1.jpg */ = {isa = PBXFileReference; lastKnownFileType = image.jpeg; path = 1.jpg; sourceTree = "<group>"; };
		268ADFE515B7FDB300E2BC0B /* 3.jpg */ = {isa = PBXFileReference; lastKnownFileType = image.jpeg; path = 3.jpg; sourceTree = "<group>"; };
		268ADFE615B7FDB300E2BC0B /* 4.jpg */ = {isa = PBXFileReference; lastKnownFileType = image.jpeg; path = 4.jpg; sourceTree = "<group>"; };
		268ADFE715B7FDB300E2BC0B /* 5.jpg */ = {isa = PBXFileReference; lastKnownFileType = image.jpeg; path = 5.jpg; sourceTree = "<group>"; };
		268ADFEA15B7FDB300E2BC0B /* 8.jpg */ = {isa = PBXFileReference; lastKnownFileType = image.jpeg; path = 8.jpg; sourceTree = "<group>"; };
		268ADFEB15B7FDB300E2BC0B /* 9.jpg */ = {isa = PBXFileReference; lastKnownFileType = image.jpeg; path = 9.jpg; sourceTree = "<group>"; };
		268ADFEC15B7FDB300E2BC0B /* 10.jpg */ = {isa = PBXFileReference; lastKnownFileType = image.jpeg; path = 10.jpg; sourceTree = "<group>"; };
		268ADFED15B7FDB300E2BC0B /* 11.jpg */ = {isa = PBXFileReference; lastKnownFileType = image.jpeg; path = 11.jpg; sourceTree = "<group>"; };
		268ADFF815B7FECC00E2BC0B /* 2.jpg */ = {isa = PBXFileReference; lastKnownFileType = image.jpeg; path = 2.jpg; sourceTree = "<group>"; };
		268ADFFA15B7FF2300E2BC0B /* 6.jpg */ = {isa = PBXFileReference; lastKnownFileType = image.jpeg; path = 6.jpg; sourceTree = "<group>"; };
		268ADFFB15B7FF2300E2BC0B /* 7.jpg */ = {isa = PBXFileReference; lastKnownFileType = image.jpeg; path = 7.jpg; sourceTree = "<group>"; };
/* End PBXFileReference section */

/* Begin PBXFrameworksBuildPhase section */
		268ADFAE15B7B97A00E2BC0B /* Frameworks */ = {
			isa = PBXFrameworksBuildPhase;
			buildActionMask = 2147483647;
			files = (
				268ADFB615B7B97A00E2BC0B /* UIKit.framework in Frameworks */,
				268ADFB815B7B97A00E2BC0B /* Foundation.framework in Frameworks */,
				268ADFBA15B7B97A00E2BC0B /* CoreGraphics.framework in Frameworks */,
			);
			runOnlyForDeploymentPostprocessing = 0;
		};
/* End PBXFrameworksBuildPhase section */

/* Begin PBXGroup section */
		268ADFA615B7B97A00E2BC0B = {
			isa = PBXGroup;
			children = (
				268ADFBB15B7B97A00E2BC0B /* WaterFall_demo */,
				268ADFB415B7B97A00E2BC0B /* Frameworks */,
				268ADFB215B7B97A00E2BC0B /* Products */,
			);
			sourceTree = "<group>";
		};
		268ADFB215B7B97A00E2BC0B /* Products */ = {
			isa = PBXGroup;
			children = (
				268ADFB115B7B97A00E2BC0B /* WaterFall_demo.app */,
			);
			name = Products;
			sourceTree = "<group>";
		};
		268ADFB415B7B97A00E2BC0B /* Frameworks */ = {
			isa = PBXGroup;
			children = (
				268ADFB515B7B97A00E2BC0B /* UIKit.framework */,
				268ADFB715B7B97A00E2BC0B /* Foundation.framework */,
				268ADFB915B7B97A00E2BC0B /* CoreGraphics.framework */,
			);
			name = Frameworks;
			sourceTree = "<group>";
		};
		268ADFBB15B7B97A00E2BC0B /* WaterFall_demo */ = {
			isa = PBXGroup;
			children = (
				268ADFD215B7B98E00E2BC0B /* Waterfall */,
				268ADFC415B7B97A00E2BC0B /* AppDelegate.h */,
				268ADFC515B7B97A00E2BC0B /* AppDelegate.m */,
				268ADFC715B7B97A00E2BC0B /* MainStoryboard.storyboard */,
				268ADFCA15B7B97A00E2BC0B /* ViewController.h */,
				268ADFCB15B7B97A00E2BC0B /* ViewController.m */,
				268ADFBC15B7B97A00E2BC0B /* Supporting Files */,
			);
			path = WaterFall_demo;
			sourceTree = "<group>";
		};
		268ADFBC15B7B97A00E2BC0B /* Supporting Files */ = {
			isa = PBXGroup;
			children = (
				268ADFE415B7FDB300E2BC0B /* 1.jpg */,
				268ADFF815B7FECC00E2BC0B /* 2.jpg */,
				268ADFE515B7FDB300E2BC0B /* 3.jpg */,
				268ADFE615B7FDB300E2BC0B /* 4.jpg */,
				268ADFFA15B7FF2300E2BC0B /* 6.jpg */,
				268ADFFB15B7FF2300E2BC0B /* 7.jpg */,
				268ADFE715B7FDB300E2BC0B /* 5.jpg */,
				268ADFEA15B7FDB300E2BC0B /* 8.jpg */,
				268ADFEB15B7FDB300E2BC0B /* 9.jpg */,
				268ADFEC15B7FDB300E2BC0B /* 10.jpg */,
				268ADFED15B7FDB300E2BC0B /* 11.jpg */,
				268ADFBD15B7B97A00E2BC0B /* WaterFall_demo-Info.plist */,
				268ADFBE15B7B97A00E2BC0B /* InfoPlist.strings */,
				268ADFC115B7B97A00E2BC0B /* main.m */,
				268ADFC315B7B97A00E2BC0B /* WaterFall_demo-Prefix.pch */,
			);
			name = "Supporting Files";
			sourceTree = "<group>";
		};
		268ADFD215B7B98E00E2BC0B /* Waterfall */ = {
			isa = PBXGroup;
			children = (
				268ADFD315B7B9D600E2BC0B /* WaterfallView.h */,
				268ADFD415B7B9D600E2BC0B /* WaterfallView.m */,
			);
			name = Waterfall;
			sourceTree = "<group>";
		};
/* End PBXGroup section */

/* Begin PBXNativeTarget section */
		268ADFB015B7B97A00E2BC0B /* WaterFall_demo */ = {
			isa = PBXNativeTarget;
			buildConfigurationList = 268ADFCF15B7B97A00E2BC0B /* Build configuration list for PBXNativeTarget "WaterFall_demo" */;
			buildPhases = (
				268ADFAD15B7B97A00E2BC0B /* Sources */,
				268ADFAE15B7B97A00E2BC0B /* Frameworks */,
				268ADFAF15B7B97A00E2BC0B /* Resources */,
			);
			buildRules = (
			);
			dependencies = (
			);
			name = WaterFall_demo;
			productName = WaterFall_demo;
			productReference = 268ADFB115B7B97A00E2BC0B /* WaterFall_demo.app */;
			productType = "com.apple.product-type.application";
		};
/* End PBXNativeTarget section */

/* Begin PBXProject section */
		268ADFA815B7B97A00E2BC0B /* Project object */ = {
			isa = PBXProject;
			attributes = {
				LastUpgradeCheck = 0430;
			};
			buildConfigurationList = 268ADFAB15B7B97A00E2BC0B /* Build configuration list for PBXProject "WaterFall_demo" */;
			compatibilityVersion = "Xcode 3.2";
			developmentRegion = English;
			hasScannedForEncodings = 0;
			knownRegions = (
				en,
			);
			mainGroup = 268ADFA615B7B97A00E2BC0B;
			productRefGroup = 268ADFB215B7B97A00E2BC0B /* Products */;
			projectDirPath = "";
			projectRoot = "";
			targets = (
				268ADFB015B7B97A00E2BC0B /* WaterFall_demo */,
			);
		};
/* End PBXProject section */

/* Begin PBXResourcesBuildPhase section */
		268ADFAF15B7B97A00E2BC0B /* Resources */ = {
			isa = PBXResourcesBuildPhase;
			buildActionMask = 2147483647;
			files = (
				268ADFC015B7B97A00E2BC0B /* InfoPlist.strings in Resources */,
				268ADFC915B7B97A00E2BC0B /* MainStoryboard.storyboard in Resources */,
				268ADFEE15B7FDB300E2BC0B /* 1.jpg in Resources */,
				268ADFEF15B7FDB300E2BC0B /* 3.jpg in Resources */,
				268ADFF015B7FDB300E2BC0B /* 4.jpg in Resources */,
				268ADFF115B7FDB300E2BC0B /* 5.jpg in Resources */,
				268ADFF415B7FDB300E2BC0B /* 8.jpg in Resources */,
				268ADFF515B7FDB300E2BC0B /* 9.jpg in Resources */,
				268ADFF615B7FDB300E2BC0B /* 10.jpg in Resources */,
				268ADFF715B7FDB300E2BC0B /* 11.jpg in Resources */,
				268ADFF915B7FECC00E2BC0B /* 2.jpg in Resources */,
				268ADFFC15B7FF2300E2BC0B /* 6.jpg in Resources */,
				268ADFFD15B7FF2300E2BC0B /* 7.jpg in Resources */,
			);
			runOnlyForDeploymentPostprocessing = 0;
		};
/* End PBXResourcesBuildPhase section */

/* Begin PBXSourcesBuildPhase section */
		268ADFAD15B7B97A00E2BC0B /* Sources */ = {
			isa = PBXSourcesBuildPhase;
			buildActionMask = 2147483647;
			files = (
				268ADFC215B7B97A00E2BC0B /* main.m in Sources */,
				268ADFC615B7B97A00E2BC0B /* AppDelegate.m in Sources */,
				268ADFCC15B7B97A00E2BC0B /* ViewController.m in Sources */,
				268ADFD515B7B9D600E2BC0B /* WaterfallView.m in Sources */,
			);
			runOnlyForDeploymentPostprocessing = 0;
		};
/* End PBXSourcesBuildPhase section */

/* Begin PBXVariantGroup section */
		268ADFBE15B7B97A00E2BC0B /* InfoPlist.strings */ = {
			isa = PBXVariantGroup;
			children = (
				268ADFBF15B7B97A00E2BC0B /* en */,
			);
			name = InfoPlist.strings;
			sourceTree = "<group>";
		};
		268ADFC715B7B97A00E2BC0B /* MainStoryboard.storyboard */ = {
			isa = PBXVariantGroup;
			children = (
				268ADFC815B7B97A00E2BC0B /* en */,
			);
			name = MainStoryboard.storyboard;
			sourceTree = "<group>";
		};
/* End PBXVariantGroup section */

/* Begin XCBuildConfiguration section */
		268ADFCD15B7B97A00E2BC0B /* Debug */ = {
			isa = XCBuildConfiguration;
			buildSettings = {
				ALWAYS_SEARCH_USER_PATHS = NO;
				ARCHS = "$(ARCHS_STANDARD_32_BIT)";
				CLANG_ENABLE_OBJC_ARC = YES;
				"CODE_SIGN_IDENTITY[sdk=iphoneos*]" = "iPhone Developer";
				COPY_PHASE_STRIP = NO;
				GCC_C_LANGUAGE_STANDARD = gnu99;
				GCC_DYNAMIC_NO_PIC = NO;
				GCC_OPTIMIZATION_LEVEL = 0;
				GCC_PREPROCESSOR_DEFINITIONS = (
					"DEBUG=1",
					"$(inherited)",
				);
				GCC_SYMBOLS_PRIVATE_EXTERN = NO;
				GCC_VERSION = com.apple.compilers.llvm.clang.1_0;
				GCC_WARN_ABOUT_RETURN_TYPE = YES;
				GCC_WARN_UNINITIALIZED_AUTOS = YES;
				GCC_WARN_UNUSED_VARIABLE = YES;
				IPHONEOS_DEPLOYMENT_TARGET = 5.1;
				SDKROOT = iphoneos;
			};
			name = Debug;
		};
		268ADFCE15B7B97A00E2BC0B /* Release */ = {
			isa = XCBuildConfiguration;
			buildSettings = {
				ALWAYS_SEARCH_USER_PATHS = NO;
				ARCHS = "$(ARCHS_STANDARD_32_BIT)";
				CLANG_ENABLE_OBJC_ARC = YES;
				"CODE_SIGN_IDENTITY[sdk=iphoneos*]" = "iPhone Developer";
				COPY_PHASE_STRIP = YES;
				GCC_C_LANGUAGE_STANDARD = gnu99;
				GCC_VERSION = com.apple.compilers.llvm.clang.1_0;
				GCC_WARN_ABOUT_RETURN_TYPE = YES;
				GCC_WARN_UNINITIALIZED_AUTOS = YES;
				GCC_WARN_UNUSED_VARIABLE = YES;
				IPHONEOS_DEPLOYMENT_TARGET = 5.1;
				OTHER_CFLAGS = "-DNS_BLOCK_ASSERTIONS=1";
				SDKROOT = iphoneos;
				VALIDATE_PRODUCT = YES;
			};
			name = Release;
		};
		268ADFD015B7B97A00E2BC0B /* Debug */ = {
			isa = XCBuildConfiguration;
			buildSettings = {
				GCC_PRECOMPILE_PREFIX_HEADER = YES;
				GCC_PREFIX_HEADER = "WaterFall_demo/WaterFall_demo-Prefix.pch";
				INFOPLIST_FILE = "WaterFall_demo/WaterFall_demo-Info.plist";
				PRODUCT_NAME = "$(TARGET_NAME)";
				WRAPPER_EXTENSION = app;
			};
			name = Debug;
		};
		268ADFD115B7B97A00E2BC0B /* Release */ = {
			isa = XCBuildConfiguration;
			buildSettings = {
				GCC_PRECOMPILE_PREFIX_HEADER = YES;
				GCC_PREFIX_HEADER = "WaterFall_demo/WaterFall_demo-Prefix.pch";
				INFOPLIST_FILE = "WaterFall_demo/WaterFall_demo-Info.plist";
				PRODUCT_NAME = "$(TARGET_NAME)";
				WRAPPER_EXTENSION = app;
			};
			name = Release;
		};
/* End XCBuildConfiguration section */

/* Begin XCConfigurationList section */
		268ADFAB15B7B97A00E2BC0B /* Build configuration list for PBXProject "WaterFall_demo" */ = {
			isa = XCConfigurationList;
			buildConfigurations = (
				268ADFCD15B7B97A00E2BC0B /* Debug */,
				268ADFCE15B7B97A00E2BC0B /* Release */,
			);
			defaultConfigurationIsVisible = 0;
			defaultConfigurationName = Release;
		};
		268ADFCF15B7B97A00E2BC0B /* Build configuration list for PBXNativeTarget "WaterFall_demo" */ = {
			isa = XCConfigurationList;
			buildConfigurations = (
				268ADFD015B7B97A00E2BC0B /* Debug */,
				268ADFD115B7B97A00E2BC0B /* Release */,
			);
			defaultConfigurationIsVisible = 0;
			defaultConfigurationName = Release;
		};
/* End XCConfigurationList section */
	};
	rootObject = 268ADFA815B7B97A00E2BC0B /* Project object */;
}
